
Microsoft Visual Studio Solution File, Format Version 12.00
# Visual Studio 14
VisualStudioVersion = 14.0.25420.1
MinimumVisualStudioVersion = 10.0.40219.1
Project("{FAE04EC0-301F-11D3-BF4B-00C04F79EFBC}") = "FieldMedic", "FieldMedic.csproj", "{38324373-61CA-4B93-A5E2-5337652127BF}"
EndProject
Project("{2150E333-8FDC-42A3-9474-1A3956D46DE8}") = "About", "About", "{2C94E0FF-0828-4484-A3BC-C2853D0F59BD}"
	ProjectSection(SolutionItems) = preProject
		..\..\About\About.xml = ..\..\About\About.xml
	EndProjectSection
EndProject
Project("{2150E333-8FDC-42A3-9474-1A3956D46DE8}") = "Defs", "Defs", "{4342AB82-4806-42BC-A2A5-49107E88329C}"
	ProjectSection(SolutionItems) = preProject
		..\..\Defs\ThingDefs\Apparel_MedicBag.xml = ..\..\Defs\ThingDefs\Apparel_MedicBag.xml
		..\..\Defs\JobDefs\Jobs_FieldMedic.xml = ..\..\Defs\JobDefs\Jobs_FieldMedic.xml
	EndProjectSection
EndProject
Project("{2150E333-8FDC-42A3-9474-1A3956D46DE8}") = "Patches", "Patches", "{56F8E260-C2F0-4937-BE49-F0BD9B13CC0E}"
	ProjectSection(SolutionItems) = preProject
		..\..\Patches\Core\HediffDefs\Hediffs_Local_Injuries.xml = ..\..\Patches\Core\HediffDefs\Hediffs_Local_Injuries.xml
	EndProjectSection
EndProject
Project("{2150E333-8FDC-42A3-9474-1A3956D46DE8}") = "English", "English", "{A6E8476F-EAB9-4A48-A06A-348A734118E2}"
EndProject
Project("{2150E333-8FDC-42A3-9474-1A3956D46DE8}") = "Keyed", "Keyed", "{DF571483-D2F2-4C52-B1D8-66175192912E}"
	ProjectSection(SolutionItems) = preProject
		..\..\Languages\English\Keyed\Keys.xml = ..\..\Languages\English\Keyed\Keys.xml
	EndProjectSection
EndProject
Project("{2150E333-8FDC-42A3-9474-1A3956D46DE8}") = "Languages", "Languages", "{F19B0847-DDCF-497E-8C25-93CC81D7EE0A}"
EndProject
Project("{2150E333-8FDC-42A3-9474-1A3956D46DE8}") = "ChineseSimplified", "ChineseSimplified", "{66BD7D15-252A-4743-ACC1-83A495571624}"
EndProject
Project("{2150E333-8FDC-42A3-9474-1A3956D46DE8}") = "Keyed", "Keyed", "{E6DA5501-5C7E-440C-BFB7-89502F1A12DA}"
	ProjectSection(SolutionItems) = preProject
		..\..\Languages\ChineseSimplified\Keyed\Keys.xml = ..\..\Languages\ChineseSimplified\Keyed\Keys.xml
	EndProjectSection
EndProject
Project("{2150E333-8FDC-42A3-9474-1A3956D46DE8}") = "DefInjected", "DefInjected", "{EF5B24B6-04A1-422F-AAB5-28A8F430454B}"
EndProject
Project("{2150E333-8FDC-42A3-9474-1A3956D46DE8}") = "ThingDefs", "ThingDefs", "{DB4746AB-5438-430F-BDF3-2E74F319B42D}"
	ProjectSection(SolutionItems) = preProject
		..\..\Languages\ChineseSimplified\DefInjected\ThingDefs\Apparel_MedicBag.xml = ..\..\Languages\ChineseSimplified\DefInjected\ThingDefs\Apparel_MedicBag.xml
	EndProjectSection
EndProject
Project("{2150E333-8FDC-42A3-9474-1A3956D46DE8}") = "JobDefs", "JobDefs", "{1C3C14F7-B10D-46EE-BED9-21567F841EB0}"
	ProjectSection(SolutionItems) = preProject
		..\..\Languages\ChineseSimplified\DefInjected\JobDefs\Jobs_FieldMedic.xml = ..\..\Languages\ChineseSimplified\DefInjected\JobDefs\Jobs_FieldMedic.xml
	EndProjectSection
EndProject
Project("{2150E333-8FDC-42A3-9474-1A3956D46DE8}") = "ChineseTraditional", "ChineseTraditional", "{C4740C61-49EB-463B-AE91-EB295FD38216}"
EndProject
Project("{2150E333-8FDC-42A3-9474-1A3956D46DE8}") = "Keyed", "Keyed", "{44B363E2-6735-450A-8529-69BC128723C5}"
	ProjectSection(SolutionItems) = preProject
		..\..\Languages\ChineseTraditional\Keyed\Keys.xml = ..\..\Languages\ChineseTraditional\Keyed\Keys.xml
	EndProjectSection
EndProject
Project("{2150E333-8FDC-42A3-9474-1A3956D46DE8}") = "DefInjected", "DefInjected", "{46462EF7-AAD6-408F-856D-A3D38EAA6FEE}"
EndProject
Project("{2150E333-8FDC-42A3-9474-1A3956D46DE8}") = "JobDefs", "JobDefs", "{EA201165-D46C-4136-9FE1-59C53457E450}"
	ProjectSection(SolutionItems) = preProject
		..\..\Languages\ChineseTraditional\DefInjected\JobDefs\Jobs_FieldMedic.xml = ..\..\Languages\ChineseTraditional\DefInjected\JobDefs\Jobs_FieldMedic.xml
	EndProjectSection
EndProject
Project("{2150E333-8FDC-42A3-9474-1A3956D46DE8}") = "ThingDefs", "ThingDefs", "{9DAB7040-D7FE-4BF8-B6C8-0E4BA31B2377}"
	ProjectSection(SolutionItems) = preProject
		..\..\Languages\ChineseTraditional\DefInjected\ThingDefs\Apparel_MedicBag.xml = ..\..\Languages\ChineseTraditional\DefInjected\ThingDefs\Apparel_MedicBag.xml
	EndProjectSection
EndProject
Project("{2150E333-8FDC-42A3-9474-1A3956D46DE8}") = "Solution Items", "Solution Items", "{2A5700F9-C489-48C9-8172-EE1C7D249F57}"
	ProjectSection(SolutionItems) = preProject
		..\..\LoadFolders.xml = ..\..\LoadFolders.xml
	EndProjectSection
EndProject
Global
	GlobalSection(SolutionConfigurationPlatforms) = preSolution
		Debug|Any CPU = Debug|Any CPU
		Release|Any CPU = Release|Any CPU
	EndGlobalSection
	GlobalSection(ProjectConfigurationPlatforms) = postSolution
		{38324373-61CA-4B93-A5E2-5337652127BF}.Debug|Any CPU.ActiveCfg = Debug|Any CPU
		{38324373-61CA-4B93-A5E2-5337652127BF}.Debug|Any CPU.Build.0 = Debug|Any CPU
		{38324373-61CA-4B93-A5E2-5337652127BF}.Release|Any CPU.ActiveCfg = Release|Any CPU
		{38324373-61CA-4B93-A5E2-5337652127BF}.Release|Any CPU.Build.0 = Release|Any CPU
	EndGlobalSection
	GlobalSection(SolutionProperties) = preSolution
		HideSolutionNode = FALSE
	EndGlobalSection
	GlobalSection(NestedProjects) = preSolution
		{A6E8476F-EAB9-4A48-A06A-348A734118E2} = {F19B0847-DDCF-497E-8C25-93CC81D7EE0A}
		{DF571483-D2F2-4C52-B1D8-66175192912E} = {A6E8476F-EAB9-4A48-A06A-348A734118E2}
		{66BD7D15-252A-4743-ACC1-83A495571624} = {F19B0847-DDCF-497E-8C25-93CC81D7EE0A}
		{E6DA5501-5C7E-440C-BFB7-89502F1A12DA} = {66BD7D15-252A-4743-ACC1-83A495571624}
		{EF5B24B6-04A1-422F-AAB5-28A8F430454B} = {66BD7D15-252A-4743-ACC1-83A495571624}
		{DB4746AB-5438-430F-BDF3-2E74F319B42D} = {EF5B24B6-04A1-422F-AAB5-28A8F430454B}
		{1C3C14F7-B10D-46EE-BED9-21567F841EB0} = {EF5B24B6-04A1-422F-AAB5-28A8F430454B}
		{C4740C61-49EB-463B-AE91-EB295FD38216} = {F19B0847-DDCF-497E-8C25-93CC81D7EE0A}
		{44B363E2-6735-450A-8529-69BC128723C5} = {C4740C61-49EB-463B-AE91-EB295FD38216}
		{46462EF7-AAD6-408F-856D-A3D38EAA6FEE} = {C4740C61-49EB-463B-AE91-EB295FD38216}
		{EA201165-D46C-4136-9FE1-59C53457E450} = {46462EF7-AAD6-408F-856D-A3D38EAA6FEE}
		{9DAB7040-D7FE-4BF8-B6C8-0E4BA31B2377} = {46462EF7-AAD6-408F-856D-A3D38EAA6FEE}
	EndGlobalSection
EndGlobal
